
Microsoft Visual Studio Solution File, Format Version 11.00
# Visual C# Express 2010
Project("{FAE04EC0-301F-11D3-BF4B-00C04F79EFBC}") = "MilkShake", "MilkShake\MilkShake.csproj", "{0DCD3FF8-3A59-4EBC-B32C-F090350C354C}"
EndProject
Project("{FAE04EC0-301F-11D3-BF4B-00C04F79EFBC}") = "Playground", "Playground\Playground\Playground.csproj", "{8A596477-A55A-42A3-B736-2E6477ACFF1A}"
EndProject
Project("{FAE04EC0-301F-11D3-BF4B-00C04F79EFBC}") = "PlaygroundContent", "Playground\PlaygroundContent\PlaygroundContent.contentproj", "{5CF3D429-AC20-41FB-8370-9854AA73700A}"
EndProject
Project("{FAE04EC0-301F-11D3-BF4B-00C04F79EFBC}") = "Ra", "Ra\Ra\Ra.csproj", "{3BD198CF-1B14-411A-9644-A5364D2F2642}"
EndProject
Project("{96E2B04D-8817-42C6-938A-82C39BA4D311}") = "RaContent", "Ra\RaContent\RaContent.contentproj", "{4AFDA0BA-9B46-4A9F-8965-0D48817A0AB6}"
EndProject
Global
	GlobalSection(SolutionConfigurationPlatforms) = preSolution
		Debug|Any CPU = Debug|Any CPU
		Debug|Mixed Platforms = Debug|Mixed Platforms
		Debug|x86 = Debug|x86
		Release|Any CPU = Release|Any CPU
		Release|Mixed Platforms = Release|Mixed Platforms
		Release|x86 = Release|x86
	EndGlobalSection
	GlobalSection(ProjectConfigurationPlatforms) = postSolution
		{0DCD3FF8-3A59-4EBC-B32C-F090350C354C}.Debug|Any CPU.ActiveCfg = Debug|x86
		{0DCD3FF8-3A59-4EBC-B32C-F090350C354C}.Debug|Mixed Platforms.ActiveCfg = Debug|x86
		{0DCD3FF8-3A59-4EBC-B32C-F090350C354C}.Debug|Mixed Platforms.Build.0 = Debug|x86
		{0DCD3FF8-3A59-4EBC-B32C-F090350C354C}.Debug|x86.ActiveCfg = Debug|x86
		{0DCD3FF8-3A59-4EBC-B32C-F090350C354C}.Debug|x86.Build.0 = Debug|x86
		{0DCD3FF8-3A59-4EBC-B32C-F090350C354C}.Release|Any CPU.ActiveCfg = Release|x86
		{0DCD3FF8-3A59-4EBC-B32C-F090350C354C}.Release|Mixed Platforms.ActiveCfg = Release|x86
		{0DCD3FF8-3A59-4EBC-B32C-F090350C354C}.Release|Mixed Platforms.Build.0 = Release|x86
		{0DCD3FF8-3A59-4EBC-B32C-F090350C354C}.Release|x86.ActiveCfg = Release|x86
		{0DCD3FF8-3A59-4EBC-B32C-F090350C354C}.Release|x86.Build.0 = Release|x86
		{8A596477-A55A-42A3-B736-2E6477ACFF1A}.Debug|Any CPU.ActiveCfg = Debug|x86
		{8A596477-A55A-42A3-B736-2E6477ACFF1A}.Debug|Mixed Platforms.ActiveCfg = Debug|x86
		{8A596477-A55A-42A3-B736-2E6477ACFF1A}.Debug|Mixed Platforms.Build.0 = Debug|x86
		{8A596477-A55A-42A3-B736-2E6477ACFF1A}.Debug|x86.ActiveCfg = Debug|x86
		{8A596477-A55A-42A3-B736-2E6477ACFF1A}.Debug|x86.Build.0 = Debug|x86
		{8A596477-A55A-42A3-B736-2E6477ACFF1A}.Release|Any CPU.ActiveCfg = Release|x86
		{8A596477-A55A-42A3-B736-2E6477ACFF1A}.Release|Mixed Platforms.ActiveCfg = Release|x86
		{8A596477-A55A-42A3-B736-2E6477ACFF1A}.Release|Mixed Platforms.Build.0 = Release|x86
		{8A596477-A55A-42A3-B736-2E6477ACFF1A}.Release|x86.ActiveCfg = Release|x86
		{8A596477-A55A-42A3-B736-2E6477ACFF1A}.Release|x86.Build.0 = Release|x86
		{5CF3D429-AC20-41FB-8370-9854AA73700A}.Debug|Any CPU.ActiveCfg = Debug|x86
		{5CF3D429-AC20-41FB-8370-9854AA73700A}.Debug|Mixed Platforms.ActiveCfg = Debug|x86
		{5CF3D429-AC20-41FB-8370-9854AA73700A}.Debug|x86.ActiveCfg = Debug|x86
		{5CF3D429-AC20-41FB-8370-9854AA73700A}.Release|Any CPU.ActiveCfg = Release|x86
		{5CF3D429-AC20-41FB-8370-9854AA73700A}.Release|Mixed Platforms.ActiveCfg = Release|x86
		{5CF3D429-AC20-41FB-8370-9854AA73700A}.Release|x86.ActiveCfg = Release|x86
		{3BD198CF-1B14-411A-9644-A5364D2F2642}.Debug|Any CPU.ActiveCfg = Debug|x86
		{3BD198CF-1B14-411A-9644-A5364D2F2642}.Debug|Mixed Platforms.ActiveCfg = Debug|x86
		{3BD198CF-1B14-411A-9644-A5364D2F2642}.Debug|Mixed Platforms.Build.0 = Debug|x86
		{3BD198CF-1B14-411A-9644-A5364D2F2642}.Debug|x86.ActiveCfg = Debug|x86
		{3BD198CF-1B14-411A-9644-A5364D2F2642}.Debug|x86.Build.0 = Debug|x86
		{3BD198CF-1B14-411A-9644-A5364D2F2642}.Release|Any CPU.ActiveCfg = Release|x86
		{3BD198CF-1B14-411A-9644-A5364D2F2642}.Release|Mixed Platforms.ActiveCfg = Release|x86
		{3BD198CF-1B14-411A-9644-A5364D2F2642}.Release|Mixed Platforms.Build.0 = Release|x86
		{3BD198CF-1B14-411A-9644-A5364D2F2642}.Release|x86.ActiveCfg = Release|x86
		{3BD198CF-1B14-411A-9644-A5364D2F2642}.Release|x86.Build.0 = Release|x86
		{4AFDA0BA-9B46-4A9F-8965-0D48817A0AB6}.Debug|Any CPU.ActiveCfg = Debug|x86
		{4AFDA0BA-9B46-4A9F-8965-0D48817A0AB6}.Debug|Mixed Platforms.ActiveCfg = Debug|x86
		{4AFDA0BA-9B46-4A9F-8965-0D48817A0AB6}.Debug|x86.ActiveCfg = Debug|x86
		{4AFDA0BA-9B46-4A9F-8965-0D48817A0AB6}.Release|Any CPU.ActiveCfg = Release|x86
		{4AFDA0BA-9B46-4A9F-8965-0D48817A0AB6}.Release|Mixed Platforms.ActiveCfg = Release|x86
		{4AFDA0BA-9B46-4A9F-8965-0D48817A0AB6}.Release|x86.ActiveCfg = Release|x86
	EndGlobalSection
	GlobalSection(SolutionProperties) = preSolution
		HideSolutionNode = FALSE
	EndGlobalSection
EndGlobal
