
Microsoft Visual Studio Solution File, Format Version 11.00
# Visual C# Express 2010
Project("{FAE04EC0-301F-11D3-BF4B-00C04F79EFBC}") = "MilkShake", "MilkShake\MilkShake.csproj", "{0DCD3FF8-3A59-4EBC-B32C-F090350C354C}"
EndProject
Project("{FAE04EC0-301F-11D3-BF4B-00C04F79EFBC}") = "Samples", "Playground\Playground\Samples.csproj", "{8A596477-A55A-42A3-B736-2E6477ACFF1A}"
EndProject
Project("{FAE04EC0-301F-11D3-BF4B-00C04F79EFBC}") = "SamplesContent", "Playground\PlaygroundContent\SamplesContent.contentproj", "{5CF3D429-AC20-41FB-8370-9854AA73700A}"
EndProject
Global
	GlobalSection(SolutionConfigurationPlatforms) = preSolution
		Debug|Mixed Platforms = Debug|Mixed Platforms
		Debug|x86 = Debug|x86
		Debug|Xbox 360 = Debug|Xbox 360
		Release|Mixed Platforms = Release|Mixed Platforms
		Release|x86 = Release|x86
		Release|Xbox 360 = Release|Xbox 360
		Windows|Mixed Platforms = Windows|Mixed Platforms
		Windows|x86 = Windows|x86
		Windows|Xbox 360 = Windows|Xbox 360
	EndGlobalSection
	GlobalSection(ProjectConfigurationPlatforms) = postSolution
		{0DCD3FF8-3A59-4EBC-B32C-F090350C354C}.Debug|Mixed Platforms.ActiveCfg = Debug|x86
		{0DCD3FF8-3A59-4EBC-B32C-F090350C354C}.Debug|Mixed Platforms.Build.0 = Debug|x86
		{0DCD3FF8-3A59-4EBC-B32C-F090350C354C}.Debug|x86.ActiveCfg = Debug|x86
		{0DCD3FF8-3A59-4EBC-B32C-F090350C354C}.Debug|x86.Build.0 = Debug|x86
		{0DCD3FF8-3A59-4EBC-B32C-F090350C354C}.Debug|Xbox 360.ActiveCfg = Debug|x86
		{0DCD3FF8-3A59-4EBC-B32C-F090350C354C}.Debug|Xbox 360.Build.0 = Debug|x86
		{0DCD3FF8-3A59-4EBC-B32C-F090350C354C}.Release|Mixed Platforms.ActiveCfg = Release|x86
		{0DCD3FF8-3A59-4EBC-B32C-F090350C354C}.Release|Mixed Platforms.Build.0 = Release|x86
		{0DCD3FF8-3A59-4EBC-B32C-F090350C354C}.Release|x86.ActiveCfg = Release|x86
		{0DCD3FF8-3A59-4EBC-B32C-F090350C354C}.Release|x86.Build.0 = Release|x86
		{0DCD3FF8-3A59-4EBC-B32C-F090350C354C}.Release|Xbox 360.ActiveCfg = Release|x86
		{0DCD3FF8-3A59-4EBC-B32C-F090350C354C}.Release|Xbox 360.Build.0 = Release|x86
		{0DCD3FF8-3A59-4EBC-B32C-F090350C354C}.Windows|Mixed Platforms.ActiveCfg = Windoows|x86
		{0DCD3FF8-3A59-4EBC-B32C-F090350C354C}.Windows|Mixed Platforms.Build.0 = Windoows|x86
		{0DCD3FF8-3A59-4EBC-B32C-F090350C354C}.Windows|x86.ActiveCfg = Windoows|x86
		{0DCD3FF8-3A59-4EBC-B32C-F090350C354C}.Windows|x86.Build.0 = Windoows|x86
		{0DCD3FF8-3A59-4EBC-B32C-F090350C354C}.Windows|Xbox 360.ActiveCfg = Windoows|x86
		{8A596477-A55A-42A3-B736-2E6477ACFF1A}.Debug|Mixed Platforms.ActiveCfg = Debug|x86
		{8A596477-A55A-42A3-B736-2E6477ACFF1A}.Debug|Mixed Platforms.Build.0 = Debug|x86
		{8A596477-A55A-42A3-B736-2E6477ACFF1A}.Debug|x86.ActiveCfg = Debug|x86
		{8A596477-A55A-42A3-B736-2E6477ACFF1A}.Debug|x86.Build.0 = Debug|x86
		{8A596477-A55A-42A3-B736-2E6477ACFF1A}.Debug|Xbox 360.ActiveCfg = Debug|x86
		{8A596477-A55A-42A3-B736-2E6477ACFF1A}.Debug|Xbox 360.Build.0 = Debug|x86
		{8A596477-A55A-42A3-B736-2E6477ACFF1A}.Release|Mixed Platforms.ActiveCfg = Release|x86
		{8A596477-A55A-42A3-B736-2E6477ACFF1A}.Release|Mixed Platforms.Build.0 = Release|x86
		{8A596477-A55A-42A3-B736-2E6477ACFF1A}.Release|x86.ActiveCfg = Release|x86
		{8A596477-A55A-42A3-B736-2E6477ACFF1A}.Release|x86.Build.0 = Release|x86
		{8A596477-A55A-42A3-B736-2E6477ACFF1A}.Release|Xbox 360.ActiveCfg = Release|x86
		{8A596477-A55A-42A3-B736-2E6477ACFF1A}.Release|Xbox 360.Build.0 = Release|x86
		{8A596477-A55A-42A3-B736-2E6477ACFF1A}.Windows|Mixed Platforms.ActiveCfg = Windoows|x86
		{8A596477-A55A-42A3-B736-2E6477ACFF1A}.Windows|Mixed Platforms.Build.0 = Windoows|x86
		{8A596477-A55A-42A3-B736-2E6477ACFF1A}.Windows|x86.ActiveCfg = Windoows|x86
		{8A596477-A55A-42A3-B736-2E6477ACFF1A}.Windows|x86.Build.0 = Windoows|x86
		{8A596477-A55A-42A3-B736-2E6477ACFF1A}.Windows|Xbox 360.ActiveCfg = Windoows|x86
		{5CF3D429-AC20-41FB-8370-9854AA73700A}.Debug|Mixed Platforms.ActiveCfg = Debug|x86
		{5CF3D429-AC20-41FB-8370-9854AA73700A}.Debug|x86.ActiveCfg = Debug|x86
		{5CF3D429-AC20-41FB-8370-9854AA73700A}.Debug|Xbox 360.ActiveCfg = Debug|x86
		{5CF3D429-AC20-41FB-8370-9854AA73700A}.Release|Mixed Platforms.ActiveCfg = Release|x86
		{5CF3D429-AC20-41FB-8370-9854AA73700A}.Release|x86.ActiveCfg = Release|x86
		{5CF3D429-AC20-41FB-8370-9854AA73700A}.Release|Xbox 360.ActiveCfg = Release|x86
		{5CF3D429-AC20-41FB-8370-9854AA73700A}.Windows|Mixed Platforms.ActiveCfg = Release|x86
		{5CF3D429-AC20-41FB-8370-9854AA73700A}.Windows|Mixed Platforms.Build.0 = Release|x86
		{5CF3D429-AC20-41FB-8370-9854AA73700A}.Windows|x86.ActiveCfg = Release|x86
		{5CF3D429-AC20-41FB-8370-9854AA73700A}.Windows|Xbox 360.ActiveCfg = Release|x86
	EndGlobalSection
	GlobalSection(SolutionProperties) = preSolution
		HideSolutionNode = FALSE
	EndGlobalSection
EndGlobal
